github.com/brunoga/deep v1.2.5 h1:bigq4eooqbeJXfvTfZBn3AH3B1iW+rtetxVeh0GiLrg=
github.com/brunoga/deep v1.2.5/go.mod h1:GDV6dnXqn80ezsLSZ5Wlv1PdKAWAO4L5PnKYtv2dgaI=
github.com/google/go-cmp v0.7.0 h1:wk8382ETsv4JYUZwIsn6YpYiWiBsYLSJiTsyBybVuN8=
github.com/google/go-cmp v0.7.0/go.mod h1:pXiqmnSA92OHEEa9HXL2W4E7lf9JzCmGVUdgjX3N/iU=
